
Microsoft Visual Studio Solution File, Format Version 12.00
# Visual Studio Version 17
VisualStudioVersion = 17.11.35327.3
MinimumVisualStudioVersion = 10.0.40219.1
Project("{9A19103F-16F7-4668-BE54-9A1E7A4F7556}") = "DockyCLI", "DockyCLI.csproj", "{6DE17E50-7A57-4B1C-9F47-CD5F860B2900}"
EndProject
Project("{FAE04EC0-301F-11D3-BF4B-00C04F79EFBC}") = "Docky.Core", "..\Docky.Core\Docky.Core.csproj", "{3C1EBE1D-E981-44A0-9C09-7A1192F32E8F}"
EndProject
Project("{FAE04EC0-301F-11D3-BF4B-00C04F79EFBC}") = "Docky.Desktop", "..\Docky.Desktop\Docky.Desktop.csproj", "{15912A3D-5059-4371-A7D8-5084CA78D95D}"
EndProject
Global
	GlobalSection(SolutionConfigurationPlatforms) = preSolution
		Debug|Any CPU = Debug|Any CPU
		Release|Any CPU = Release|Any CPU
	EndGlobalSection
	GlobalSection(ProjectConfigurationPlatforms) = postSolution
		{6DE17E50-7A57-4B1C-9F47-CD5F860B2900}.Debug|Any CPU.ActiveCfg = Debug|Any CPU
		{6DE17E50-7A57-4B1C-9F47-CD5F860B2900}.Debug|Any CPU.Build.0 = Debug|Any CPU
		{6DE17E50-7A57-4B1C-9F47-CD5F860B2900}.Release|Any CPU.ActiveCfg = Release|Any CPU
		{6DE17E50-7A57-4B1C-9F47-CD5F860B2900}.Release|Any CPU.Build.0 = Release|Any CPU
		{3C1EBE1D-E981-44A0-9C09-7A1192F32E8F}.Debug|Any CPU.ActiveCfg = Debug|Any CPU
		{3C1EBE1D-E981-44A0-9C09-7A1192F32E8F}.Debug|Any CPU.Build.0 = Debug|Any CPU
		{3C1EBE1D-E981-44A0-9C09-7A1192F32E8F}.Release|Any CPU.ActiveCfg = Release|Any CPU
		{3C1EBE1D-E981-44A0-9C09-7A1192F32E8F}.Release|Any CPU.Build.0 = Release|Any CPU
		{15912A3D-5059-4371-A7D8-5084CA78D95D}.Debug|Any CPU.ActiveCfg = Debug|Any CPU
		{15912A3D-5059-4371-A7D8-5084CA78D95D}.Debug|Any CPU.Build.0 = Debug|Any CPU
		{15912A3D-5059-4371-A7D8-5084CA78D95D}.Release|Any CPU.ActiveCfg = Release|Any CPU
		{15912A3D-5059-4371-A7D8-5084CA78D95D}.Release|Any CPU.Build.0 = Release|Any CPU
	EndGlobalSection
	GlobalSection(SolutionProperties) = preSolution
		HideSolutionNode = FALSE
	EndGlobalSection
	GlobalSection(ExtensibilityGlobals) = postSolution
		SolutionGuid = {267D3E50-82B9-41BD-9C5A-7E04CC9B8849}
	EndGlobalSection
EndGlobal
